PODS:
  - Flutter (1.0.0)
  - flutter_c_ptr (0.0.1):
    - Flutter

DEPENDENCIES:
  - Flutter (from `Flutter`)
  - flutter_c_ptr (from `.symlinks/plugins/flutter_c_ptr/ios`)

EXTERNAL SOURCES:
  Flutter:
    :path: Flutter
  flutter_c_ptr:
    :path: ".symlinks/plugins/flutter_c_ptr/ios"

SPEC CHECKSUMS:
  Flutter: 0e3d915762c693b495b44d77113d4970485de6ec
  flutter_c_ptr: 7b74ce7c07bccc67b5bc331c521ebbd0e443ed82

PODFILE CHECKSUM: aafe91acc616949ddb318b77800a7f51bffa2a4c

COCOAPODS: 1.10.0.beta.2
